// !$*UTF8*$!
{
	archiveVersion = 1;
	classes = {
	};
	objectVersion = 46;
	objects = {

/* Begin PBXBuildFile section */
		8D15F11016191427009976B4 /* CFNetwork.framework in Frameworks */ = {isa = PBXBuildFile; fileRef = 8D15F10F16191427009976B4 /* CFNetwork.framework */; };
		8D2525D3161C7F7A00D742CB /* IMI-CQuestion20DataViewController.m in Sources */ = {isa = PBXBuildFile; fileRef = 8D2525D2161C7F7A00D742CB /* IMI-CQuestion20DataViewController.m */; };
		8D2525D7161C87D000D742CB /* IMI-CMidBlockCrossingDataViewController.m in Sources */ = {isa = PBXBuildFile; fileRef = 8D2525D6161C87D000D742CB /* IMI-CMidBlockCrossingDataViewController.m */; };
		8D2525DA161C9CB900D742CB /* IMI-CQuestion26DataViewController.m in Sources */ = {isa = PBXBuildFile; fileRef = 8D2525D9161C9CB900D742CB /* IMI-CQuestion26DataViewController.m */; };
		8D2525DD161CA20900D742CB /* IMI-CStreetTreesDataViewController.m in Sources */ = {isa = PBXBuildFile; fileRef = 8D2525DC161CA20900D742CB /* IMI-CStreetTreesDataViewController.m */; };
		8D2525E0161CAB6700D742CB /* IMI-CBuildingsDataViewController.m in Sources */ = {isa = PBXBuildFile; fileRef = 8D2525DF161CAB6700D742CB /* IMI-CBuildingsDataViewController.m */; };
		8D2525E3161CB3EB00D742CB /* IMI-CStreetscapeDataViewController.m in Sources */ = {isa = PBXBuildFile; fileRef = 8D2525E2161CB3EA00D742CB /* IMI-CStreetscapeDataViewController.m */; };
		8D2525E6161CC35800D742CB /* IMI-CWindowsDataViewController.m in Sources */ = {isa = PBXBuildFile; fileRef = 8D2525E5161CC35700D742CB /* IMI-CWindowsDataViewController.m */; };
		8D2525ED161CE83800D742CB /* IMI-CQustion36DataViewController.m in Sources */ = {isa = PBXBuildFile; fileRef = 8D2525EC161CE83800D742CB /* IMI-CQustion36DataViewController.m */; };
		8D2525F0161CEBB000D742CB /* IMI-CParkingDataViewController.m in Sources */ = {isa = PBXBuildFile; fileRef = 8D2525EF161CEBB000D742CB /* IMI-CParkingDataViewController.m */; };
		8D2525F3161CF31800D742CB /* IMI-CQuestion39aDataViewController.m in Sources */ = {isa = PBXBuildFile; fileRef = 8D2525F2161CF31800D742CB /* IMI-CQuestion39aDataViewController.m */; };
		8D2525F6161CF9C900D742CB /* IMI-CMaintenanceDataViewController.m in Sources */ = {isa = PBXBuildFile; fileRef = 8D2525F5161CF9C900D742CB /* IMI-CMaintenanceDataViewController.m */; };
		8D2525F9161CFD9500D742CB /* IMI-CQuestion43DataViewController.m in Sources */ = {isa = PBXBuildFile; fileRef = 8D2525F8161CFD9500D742CB /* IMI-CQuestion43DataViewController.m */; };
		8D252600161D35A100D742CB /* IMI-CFreewaysDataViewController.m in Sources */ = {isa = PBXBuildFile; fileRef = 8D2525FF161D35A000D742CB /* IMI-CFreewaysDataViewController.m */; };
		8D252603161D3AFB00D742CB /* IMI-CQuestion49DataViewController.m in Sources */ = {isa = PBXBuildFile; fileRef = 8D252602161D3AFB00D742CB /* IMI-CQuestion49DataViewController.m */; };
		8D3FFAA8161AB49200F21FE9 /* IMI-CPublicCivicBuildingDataViewController.m in Sources */ = {isa = PBXBuildFile; fileRef = 8D3FFAA7161AB49200F21FE9 /* IMI-CPublicCivicBuildingDataViewController.m */; };
		8D3FFAAC161AC29800F21FE9 /* IMI-CIndustrialManufacturingDataViewController.m in Sources */ = {isa = PBXBuildFile; fileRef = 8D3FFAAB161AC29800F21FE9 /* IMI-CIndustrialManufacturingDataViewController.m */; };
		8D3FFAAF161AD74B00F21FE9 /* IMI-CQuestion13eDataViewController.m in Sources */ = {isa = PBXBuildFile; fileRef = 8D3FFAAE161AD74B00F21FE9 /* IMI-CQuestion13eDataViewController.m */; };
		8D3FFAB2161ADF3100F21FE9 /* IMI-CQuestion14aDataViewController.m in Sources */ = {isa = PBXBuildFile; fileRef = 8D3FFAB1161ADF3100F21FE9 /* IMI-CQuestion14aDataViewController.m */; };
		8D3FFAB5161AE76F00F21FE9 /* IMI-CQuestioin14bDataViewController.m in Sources */ = {isa = PBXBuildFile; fileRef = 8D3FFAB4161AE76F00F21FE9 /* IMI-CQuestioin14bDataViewController.m */; };
		8D3FFAB8161AEC4700F21FE9 /* IMI-COtherLandUsesDataViewController.m in Sources */ = {isa = PBXBuildFile; fileRef = 8D3FFAB7161AEC4700F21FE9 /* IMI-COtherLandUsesDataViewController.m */; };
		8D3FFABB161B2C0600F21FE9 /* IMI-CConveniencestoreDataViewController.m in Sources */ = {isa = PBXBuildFile; fileRef = 8D3FFABA161B2C0600F21FE9 /* IMI-CConveniencestoreDataViewController.m */; };
		8D3FFABE161B33DA00F21FE9 /* IMI-CQuestion17cDataViewController.m in Sources */ = {isa = PBXBuildFile; fileRef = 8D3FFABD161B33DA00F21FE9 /* IMI-CQuestion17cDataViewController.m */; };
		8D3FFAC1161B38D400F21FE9 /* IMI-CQuestion17eDataViewController.m in Sources */ = {isa = PBXBuildFile; fileRef = 8D3FFAC0161B38D400F21FE9 /* IMI-CQuestion17eDataViewController.m */; };
		8D3FFAC4161B3F4100F21FE9 /* IMI-CQuestion17fDataViewController.m in Sources */ = {isa = PBXBuildFile; fileRef = 8D3FFAC3161B3F4100F21FE9 /* IMI-CQuestion17fDataViewController.m */; };
		8D3FFAF7161B89DE00F21FE9 /* IMI-CQuestion17gDataViewController.m in Sources */ = {isa = PBXBuildFile; fileRef = 8D3FFAF6161B89DE00F21FE9 /* IMI-CQuestion17gDataViewController.m */; };
		8D3FFAFA161B930100F21FE9 /* IMI-CQuestion17gOtherDataViewController.m in Sources */ = {isa = PBXBuildFile; fileRef = 8D3FFAF9161B930000F21FE9 /* IMI-CQuestion17gOtherDataViewController.m */; };
		8D3FFAFD161BD22100F21FE9 /* IMI-CBicyclesDataViewController.m in Sources */ = {isa = PBXBuildFile; fileRef = 8D3FFAFC161BD22000F21FE9 /* IMI-CBicyclesDataViewController.m */; };
		8D5B6572160DF90E00FD5762 /* IMI-CCommunityViewController.m in Sources */ = {isa = PBXBuildFile; fileRef = 8D5B6571160DF90E00FD5762 /* IMI-CCommunityViewController.m */; };
		8D70DFBE160D49A500AB5D4B /* Localizable.strings in Resources */ = {isa = PBXBuildFile; fileRef = 8D70DFBC160D49A500AB5D4B /* Localizable.strings */; };
		8D7340CA1619E83300BC2311 /* IMI-CStreetCrossingViewController.m in Sources */ = {isa = PBXBuildFile; fileRef = 8D7340C91619E83300BC2311 /* IMI-CStreetCrossingViewController.m */; };
		8D7340CE161A112900BC2311 /* IMI-CQuestion4aDataViewController.m in Sources */ = {isa = PBXBuildFile; fileRef = 8D7340CD161A112800BC2311 /* IMI-CQuestion4aDataViewController.m */; };
		8D7340D1161A17D700BC2311 /* IMI-CQuestion4cDataViewController.m in Sources */ = {isa = PBXBuildFile; fileRef = 8D7340D0161A17D700BC2311 /* IMI-CQuestion4cDataViewController.m */; };
		8D7340D8161A7A8200BC2311 /* IMI-CQ5dDataViewController.m in Sources */ = {isa = PBXBuildFile; fileRef = 8D7340D7161A7A8100BC2311 /* IMI-CQ5dDataViewController.m */; };
		8D7340DB161A817000BC2311 /* IMI-CQ6aDataViewController.m in Sources */ = {isa = PBXBuildFile; fileRef = 8D7340DA161A817000BC2311 /* IMI-CQ6aDataViewController.m */; };
		8D7340DE161A88B900BC2311 /* IMI-CQ8DataViewController.m in Sources */ = {isa = PBXBuildFile; fileRef = 8D7340DD161A88B900BC2311 /* IMI-CQ8DataViewController.m */; };
		8D7340E1161A96DC00BC2311 /* IMI-CQ11DataViewController.m in Sources */ = {isa = PBXBuildFile; fileRef = 8D7340E0161A96DB00BC2311 /* IMI-CQ11DataViewController.m */; };
		8D7340E4161AA0AE00BC2311 /* IMI-CQ13aDataViewController.m in Sources */ = {isa = PBXBuildFile; fileRef = 8D7340E3161AA0AE00BC2311 /* IMI-CQ13aDataViewController.m */; };
		8D809F431617302A00C9D384 /* CHCSVWriter.m in Sources */ = {isa = PBXBuildFile; fileRef = 8D809F421617302A00C9D384 /* CHCSVWriter.m */; };
		8D824AF31609696600768A95 /* UIKit.framework in Frameworks */ = {isa = PBXBuildFile; fileRef = 8D824AF21609696600768A95 /* UIKit.framework */; };
		8D824AF51609696600768A95 /* Foundation.framework in Frameworks */ = {isa = PBXBuildFile; fileRef = 8D824AF41609696600768A95 /* Foundation.framework */; };
		8D824AF71609696600768A95 /* CoreGraphics.framework in Frameworks */ = {isa = PBXBuildFile; fileRef = 8D824AF61609696600768A95 /* CoreGraphics.framework */; };
		8D824AFD1609696600768A95 /* InfoPlist.strings in Resources */ = {isa = PBXBuildFile; fileRef = 8D824AFB1609696600768A95 /* InfoPlist.strings */; };
		8D824AFF1609696600768A95 /* main.m in Sources */ = {isa = PBXBuildFile; fileRef = 8D824AFE1609696600768A95 /* main.m */; };
		8D824B031609696600768A95 /* IMI_CAppDelegate.m in Sources */ = {isa = PBXBuildFile; fileRef = 8D824B021609696600768A95 /* IMI_CAppDelegate.m */; };
		8D824B061609696600768A95 /* IMI_CRootViewController.m in Sources */ = {isa = PBXBuildFile; fileRef = 8D824B051609696600768A95 /* IMI_CRootViewController.m */; };
		8D824B091609696600768A95 /* IMI_CDataViewController.m in Sources */ = {isa = PBXBuildFile; fileRef = 8D824B081609696600768A95 /* IMI_CDataViewController.m */; };
		8D824B0C1609696600768A95 /* IMI_CModelController.m in Sources */ = {isa = PBXBuildFile; fileRef = 8D824B0B1609696600768A95 /* IMI_CModelController.m */; };
		8D824B0F1609696600768A95 /* MainStoryboard.storyboard in Resources */ = {isa = PBXBuildFile; fileRef = 8D824B0D1609696600768A95 /* MainStoryboard.storyboard */; };
		8D8915C9161DD0AC006643F2 /* IMI-CArchitectureDataViewController.m in Sources */ = {isa = PBXBuildFile; fileRef = 8D8915C8161DD0AC006643F2 /* IMI-CArchitectureDataViewController.m */; };
		8D8915CD161DD4BC006643F2 /* IMI-CQuestion53DataViewController.m in Sources */ = {isa = PBXBuildFile; fileRef = 8D8915CC161DD4BC006643F2 /* IMI-CQuestion53DataViewController.m */; };
		8D8915D0161DD805006643F2 /* IMI-CQuestion55DataViewController.m in Sources */ = {isa = PBXBuildFile; fileRef = 8D8915CF161DD805006643F2 /* IMI-CQuestion55DataViewController.m */; };
		8D8915D3161DDAAB006643F2 /* IMI-CQuestion58DataViewController.m in Sources */ = {isa = PBXBuildFile; fileRef = 8D8915D2161DDAAB006643F2 /* IMI-CQuestion58DataViewController.m */; };
		8D8915D6161DDF8F006643F2 /* IMI-CResidentialbyheightDataViewController.m in Sources */ = {isa = PBXBuildFile; fileRef = 8D8915D5161DDF8F006643F2 /* IMI-CResidentialbyheightDataViewController.m */; };
		8D8915D9161DE374006643F2 /* IMI-CResidentialbytypeDataViewController.m in Sources */ = {isa = PBXBuildFile; fileRef = 8D8915D8161DE374006643F2 /* IMI-CResidentialbytypeDataViewController.m */; };
		8D8915DC161DE7CB006643F2 /* IMI-CSchoolDataViewController.m in Sources */ = {isa = PBXBuildFile; fileRef = 8D8915DB161DE7CB006643F2 /* IMI-CSchoolDataViewController.m */; };
		8D8915DF161DEF7E006643F2 /* IMI-CCommercialDataViewController.m in Sources */ = {isa = PBXBuildFile; fileRef = 8D8915DE161DEF7E006643F2 /* IMI-CCommercialDataViewController.m */; };
		8D8915E2161DF39C006643F2 /* IMI-COfficeDataViewController.m in Sources */ = {isa = PBXBuildFile; fileRef = 8D8915E1161DF39C006643F2 /* IMI-COfficeDataViewController.m */; };
		8D8915E5161DFA6E006643F2 /* IMI-CQuestion13bDataViewController.m in Sources */ = {isa = PBXBuildFile; fileRef = 8D8915E4161DFA6E006643F2 /* IMI-CQuestion13bDataViewController.m */; };
		8D8915E8161E01CC006643F2 /* IMI-CQuestion15DataViewController.m in Sources */ = {isa = PBXBuildFile; fileRef = 8D8915E7161E01CC006643F2 /* IMI-CQuestion15DataViewController.m */; };
		8D8915EB161E0476006643F2 /* IMI-CQuestion16DataViewController.m in Sources */ = {isa = PBXBuildFile; fileRef = 8D8915EA161E0476006643F2 /* IMI-CQuestion16DataViewController.m */; };
		8D8915EE161E0853006643F2 /* IMI-CSidewalksDataViewController.m in Sources */ = {isa = PBXBuildFile; fileRef = 8D8915ED161E0852006643F2 /* IMI-CSidewalksDataViewController.m */; };
		8D9B6D5A160C023A00EE79C6 /* IMI-CSettingDataViewController.m in Sources */ = {isa = PBXBuildFile; fileRef = 8D9B6D59160C023A00EE79C6 /* IMI-CSettingDataViewController.m */; };
		8DD319011611EEAE00CF6E3A /* IMI-CSubmitDataViewController.m in Sources */ = {isa = PBXBuildFile; fileRef = 8DD319001611EEAE00CF6E3A /* IMI-CSubmitDataViewController.m */; };
		8DD319171612019300CF6E3A /* NetworkManager.m in Sources */ = {isa = PBXBuildFile; fileRef = 8DD319151612019300CF6E3A /* NetworkManager.m */; };
		8DD3191D1612092E00CF6E3A /* IMI-CStartViewController.m in Sources */ = {isa = PBXBuildFile; fileRef = 8DD3191C1612092E00CF6E3A /* IMI-CStartViewController.m */; };
/* End PBXBuildFile section */

/* Begin PBXFileReference section */
		8D15F10F16191427009976B4 /* CFNetwork.framework */ = {isa = PBXFileReference; lastKnownFileType = wrapper.framework; name = CFNetwork.framework; path = System/Library/Frameworks/CFNetwork.framework; sourceTree = SDKROOT; };
		8D2525D1161C7F7A00D742CB /* IMI-CQuestion20DataViewController.h */ = {isa = PBXFileReference; fileEncoding = 4; lastKnownFileType = sourcecode.c.h; path = "IMI-CQuestion20DataViewController.h"; sourceTree = "<group>"; };
		8D2525D2161C7F7A00D742CB /* IMI-CQuestion20DataViewController.m */ = {isa = PBXFileReference; fileEncoding = 4; lastKnownFileType = sourcecode.c.objc; path = "IMI-CQuestion20DataViewController.m"; sourceTree = "<group>"; };
		8D2525D5161C87D000D742CB /* IMI-CMidBlockCrossingDataViewController.h */ = {isa = PBXFileReference; fileEncoding = 4; lastKnownFileType = sourcecode.c.h; path = "IMI-CMidBlockCrossingDataViewController.h"; sourceTree = "<group>"; };
		8D2525D6161C87D000D742CB /* IMI-CMidBlockCrossingDataViewController.m */ = {isa = PBXFileReference; fileEncoding = 4; lastKnownFileType = sourcecode.c.objc; path = "IMI-CMidBlockCrossingDataViewController.m"; sourceTree = "<group>"; };
		8D2525D8161C9CB900D742CB /* IMI-CQuestion26DataViewController.h */ = {isa = PBXFileReference; fileEncoding = 4; lastKnownFileType = sourcecode.c.h; path = "IMI-CQuestion26DataViewController.h"; sourceTree = "<group>"; };
		8D2525D9161C9CB900D742CB /* IMI-CQuestion26DataViewController.m */ = {isa = PBXFileReference; fileEncoding = 4; lastKnownFileType = sourcecode.c.objc; path = "IMI-CQuestion26DataViewController.m"; sourceTree = "<group>"; };
		8D2525DB161CA20900D742CB /* IMI-CStreetTreesDataViewController.h */ = {isa = PBXFileReference; fileEncoding = 4; lastKnownFileType = sourcecode.c.h; path = "IMI-CStreetTreesDataViewController.h"; sourceTree = "<group>"; };
		8D2525DC161CA20900D742CB /* IMI-CStreetTreesDataViewController.m */ = {isa = PBXFileReference; fileEncoding = 4; lastKnownFileType = sourcecode.c.objc; path = "IMI-CStreetTreesDataViewController.m"; sourceTree = "<group>"; };
		8D2525DE161CAB6700D742CB /* IMI-CBuildingsDataViewController.h */ = {isa = PBXFileReference; fileEncoding = 4; lastKnownFileType = sourcecode.c.h; path = "IMI-CBuildingsDataViewController.h"; sourceTree = "<group>"; };
		8D2525DF161CAB6700D742CB /* IMI-CBuildingsDataViewController.m */ = {isa = PBXFileReference; fileEncoding = 4; lastKnownFileType = sourcecode.c.objc; path = "IMI-CBuildingsDataViewController.m"; sourceTree = "<group>"; };
		8D2525E1161CB3EA00D742CB /* IMI-CStreetscapeDataViewController.h */ = {isa = PBXFileReference; fileEncoding = 4; lastKnownFileType = sourcecode.c.h; path = "IMI-CStreetscapeDataViewController.h"; sourceTree = "<group>"; };
		8D2525E2161CB3EA00D742CB /* IMI-CStreetscapeDataViewController.m */ = {isa = PBXFileReference; fileEncoding = 4; lastKnownFileType = sourcecode.c.objc; path = "IMI-CStreetscapeDataViewController.m"; sourceTree = "<group>"; };
		8D2525E4161CC35700D742CB /* IMI-CWindowsDataViewController.h */ = {isa = PBXFileReference; fileEncoding = 4; lastKnownFileType = sourcecode.c.h; path = "IMI-CWindowsDataViewController.h"; sourceTree = "<group>"; };
		8D2525E5161CC35700D742CB /* IMI-CWindowsDataViewController.m */ = {isa = PBXFileReference; fileEncoding = 4; lastKnownFileType = sourcecode.c.objc; path = "IMI-CWindowsDataViewController.m"; sourceTree = "<group>"; };
		8D2525EB161CE83800D742CB /* IMI-CQustion36DataViewController.h */ = {isa = PBXFileReference; fileEncoding = 4; lastKnownFileType = sourcecode.c.h; path = "IMI-CQustion36DataViewController.h"; sourceTree = "<group>"; };
		8D2525EC161CE83800D742CB /* IMI-CQustion36DataViewController.m */ = {isa = PBXFileReference; fileEncoding = 4; lastKnownFileType = sourcecode.c.objc; path = "IMI-CQustion36DataViewController.m"; sourceTree = "<group>"; };
		8D2525EE161CEBB000D742CB /* IMI-CParkingDataViewController.h */ = {isa = PBXFileReference; fileEncoding = 4; lastKnownFileType = sourcecode.c.h; path = "IMI-CParkingDataViewController.h"; sourceTree = "<group>"; };
		8D2525EF161CEBB000D742CB /* IMI-CParkingDataViewController.m */ = {isa = PBXFileReference; fileEncoding = 4; lastKnownFileType = sourcecode.c.objc; path = "IMI-CParkingDataViewController.m"; sourceTree = "<group>"; };
		8D2525F1161CF31800D742CB /* IMI-CQuestion39aDataViewController.h */ = {isa = PBXFileReference; fileEncoding = 4; lastKnownFileType = sourcecode.c.h; path = "IMI-CQuestion39aDataViewController.h"; sourceTree = "<group>"; };
		8D2525F2161CF31800D742CB /* IMI-CQuestion39aDataViewController.m */ = {isa = PBXFileReference; fileEncoding = 4; lastKnownFileType = sourcecode.c.objc; path = "IMI-CQuestion39aDataViewController.m"; sourceTree = "<group>"; };
		8D2525F4161CF9C800D742CB /* IMI-CMaintenanceDataViewController.h */ = {isa = PBXFileReference; fileEncoding = 4; lastKnownFileType = sourcecode.c.h; path = "IMI-CMaintenanceDataViewController.h"; sourceTree = "<group>"; };
		8D2525F5161CF9C900D742CB /* IMI-CMaintenanceDataViewController.m */ = {isa = PBXFileReference; fileEncoding = 4; lastKnownFileType = sourcecode.c.objc; path = "IMI-CMaintenanceDataViewController.m"; sourceTree = "<group>"; };
		8D2525F7161CFD9500D742CB /* IMI-CQuestion43DataViewController.h */ = {isa = PBXFileReference; fileEncoding = 4; lastKnownFileType = sourcecode.c.h; path = "IMI-CQuestion43DataViewController.h"; sourceTree = "<group>"; };
		8D2525F8161CFD9500D742CB /* IMI-CQuestion43DataViewController.m */ = {isa = PBXFileReference; fileEncoding = 4; lastKnownFileType = sourcecode.c.objc; path = "IMI-CQuestion43DataViewController.m"; sourceTree = "<group>"; };
		8D2525FE161D35A000D742CB /* IMI-CFreewaysDataViewController.h */ = {isa = PBXFileReference; fileEncoding = 4; lastKnownFileType = sourcecode.c.h; path = "IMI-CFreewaysDataViewController.h"; sourceTree = "<group>"; };
		8D2525FF161D35A000D742CB /* IMI-CFreewaysDataViewController.m */ = {isa = PBXFileReference; fileEncoding = 4; lastKnownFileType = sourcecode.c.objc; path = "IMI-CFreewaysDataViewController.m"; sourceTree = "<group>"; };
		8D252601161D3AFB00D742CB /* IMI-CQuestion49DataViewController.h */ = {isa = PBXFileReference; fileEncoding = 4; lastKnownFileType = sourcecode.c.h; path = "IMI-CQuestion49DataViewController.h"; sourceTree = "<group>"; };
		8D252602161D3AFB00D742CB /* IMI-CQuestion49DataViewController.m */ = {isa = PBXFileReference; fileEncoding = 4; lastKnownFileType = sourcecode.c.objc; path = "IMI-CQuestion49DataViewController.m"; sourceTree = "<group>"; };
		8D3FFAA6161AB49200F21FE9 /* IMI-CPublicCivicBuildingDataViewController.h */ = {isa = PBXFileReference; fileEncoding = 4; lastKnownFileType = sourcecode.c.h; path = "IMI-CPublicCivicBuildingDataViewController.h"; sourceTree = "<group>"; };
		8D3FFAA7161AB49200F21FE9 /* IMI-CPublicCivicBuildingDataViewController.m */ = {isa = PBXFileReference; fileEncoding = 4; lastKnownFileType = sourcecode.c.objc; path = "IMI-CPublicCivicBuildingDataViewController.m"; sourceTree = "<group>"; };
		8D3FFAAA161AC29800F21FE9 /* IMI-CIndustrialManufacturingDataViewController.h */ = {isa = PBXFileReference; fileEncoding = 4; lastKnownFileType = sourcecode.c.h; path = "IMI-CIndustrialManufacturingDataViewController.h"; sourceTree = "<group>"; };
		8D3FFAAB161AC29800F21FE9 /* IMI-CIndustrialManufacturingDataViewController.m */ = {isa = PBXFileReference; fileEncoding = 4; lastKnownFileType = sourcecode.c.objc; path = "IMI-CIndustrialManufacturingDataViewController.m"; sourceTree = "<group>"; };
		8D3FFAAD161AD74B00F21FE9 /* IMI-CQuestion13eDataViewController.h */ = {isa = PBXFileReference; fileEncoding = 4; lastKnownFileType = sourcecode.c.h; path = "IMI-CQuestion13eDataViewController.h"; sourceTree = "<group>"; };
		8D3FFAAE161AD74B00F21FE9 /* IMI-CQuestion13eDataViewController.m */ = {isa = PBXFileReference; fileEncoding = 4; lastKnownFileType = sourcecode.c.objc; path = "IMI-CQuestion13eDataViewController.m"; sourceTree = "<group>"; };
		8D3FFAB0161ADF3100F21FE9 /* IMI-CQuestion14aDataViewController.h */ = {isa = PBXFileReference; fileEncoding = 4; lastKnownFileType = sourcecode.c.h; path = "IMI-CQuestion14aDataViewController.h"; sourceTree = "<group>"; };
		8D3FFAB1161ADF3100F21FE9 /* IMI-CQuestion14aDataViewController.m */ = {isa = PBXFileReference; fileEncoding = 4; lastKnownFileType = sourcecode.c.objc; path = "IMI-CQuestion14aDataViewController.m"; sourceTree = "<group>"; };
		8D3FFAB3161AE76F00F21FE9 /* IMI-CQuestioin14bDataViewController.h */ = {isa = PBXFileReference; fileEncoding = 4; lastKnownFileType = sourcecode.c.h; path = "IMI-CQuestioin14bDataViewController.h"; sourceTree = "<group>"; };
		8D3FFAB4161AE76F00F21FE9 /* IMI-CQuestioin14bDataViewController.m */ = {isa = PBXFileReference; fileEncoding = 4; lastKnownFileType = sourcecode.c.objc; path = "IMI-CQuestioin14bDataViewController.m"; sourceTree = "<group>"; };
		8D3FFAB6161AEC4700F21FE9 /* IMI-COtherLandUsesDataViewController.h */ = {isa = PBXFileReference; fileEncoding = 4; lastKnownFileType = sourcecode.c.h; path = "IMI-COtherLandUsesDataViewController.h"; sourceTree = "<group>"; };
		8D3FFAB7161AEC4700F21FE9 /* IMI-COtherLandUsesDataViewController.m */ = {isa = PBXFileReference; fileEncoding = 4; lastKnownFileType = sourcecode.c.objc; path = "IMI-COtherLandUsesDataViewController.m"; sourceTree = "<group>"; };
		8D3FFAB9161B2C0600F21FE9 /* IMI-CConveniencestoreDataViewController.h */ = {isa = PBXFileReference; fileEncoding = 4; lastKnownFileType = sourcecode.c.h; path = "IMI-CConveniencestoreDataViewController.h"; sourceTree = "<group>"; };
		8D3FFABA161B2C0600F21FE9 /* IMI-CConveniencestoreDataViewController.m */ = {isa = PBXFileReference; fileEncoding = 4; lastKnownFileType = sourcecode.c.objc; path = "IMI-CConveniencestoreDataViewController.m"; sourceTree = "<group>"; };
		8D3FFABC161B33DA00F21FE9 /* IMI-CQuestion17cDataViewController.h */ = {isa = PBXFileReference; fileEncoding = 4; lastKnownFileType = sourcecode.c.h; path = "IMI-CQuestion17cDataViewController.h"; sourceTree = "<group>"; };
		8D3FFABD161B33DA00F21FE9 /* IMI-CQuestion17cDataViewController.m */ = {isa = PBXFileReference; fileEncoding = 4; lastKnownFileType = sourcecode.c.objc; path = "IMI-CQuestion17cDataViewController.m"; sourceTree = "<group>"; };
		8D3FFABF161B38D400F21FE9 /* IMI-CQuestion17eDataViewController.h */ = {isa = PBXFileReference; fileEncoding = 4; lastKnownFileType = sourcecode.c.h; path = "IMI-CQuestion17eDataViewController.h"; sourceTree = "<group>"; };
		8D3FFAC0161B38D400F21FE9 /* IMI-CQuestion17eDataViewController.m */ = {isa = PBXFileReference; fileEncoding = 4; lastKnownFileType = sourcecode.c.objc; path = "IMI-CQuestion17eDataViewController.m"; sourceTree = "<group>"; };
		8D3FFAC2161B3F4100F21FE9 /* IMI-CQuestion17fDataViewController.h */ = {isa = PBXFileReference; fileEncoding = 4; lastKnownFileType = sourcecode.c.h; path = "IMI-CQuestion17fDataViewController.h"; sourceTree = "<group>"; };
		8D3FFAC3161B3F4100F21FE9 /* IMI-CQuestion17fDataViewController.m */ = {isa = PBXFileReference; fileEncoding = 4; lastKnownFileType = sourcecode.c.objc; path = "IMI-CQuestion17fDataViewController.m"; sourceTree = "<group>"; };
		8D3FFAF5161B89DE00F21FE9 /* IMI-CQuestion17gDataViewController.h */ = {isa = PBXFileReference; fileEncoding = 4; lastKnownFileType = sourcecode.c.h; path = "IMI-CQuestion17gDataViewController.h"; sourceTree = "<group>"; };
		8D3FFAF6161B89DE00F21FE9 /* IMI-CQuestion17gDataViewController.m */ = {isa = PBXFileReference; fileEncoding = 4; lastKnownFileType = sourcecode.c.objc; path = "IMI-CQuestion17gDataViewController.m"; sourceTree = "<group>"; };
		8D3FFAF8161B930000F21FE9 /* IMI-CQuestion17gOtherDataViewController.h */ = {isa = PBXFileReference; fileEncoding = 4; lastKnownFileType = sourcecode.c.h; path = "IMI-CQuestion17gOtherDataViewController.h"; sourceTree = "<group>"; };
		8D3FFAF9161B930000F21FE9 /* IMI-CQuestion17gOtherDataViewController.m */ = {isa = PBXFileReference; fileEncoding = 4; lastKnownFileType = sourcecode.c.objc; path = "IMI-CQuestion17gOtherDataViewController.m"; sourceTree = "<group>"; };
		8D3FFAFB161BD22000F21FE9 /* IMI-CBicyclesDataViewController.h */ = {isa = PBXFileReference; fileEncoding = 4; lastKnownFileType = sourcecode.c.h; path = "IMI-CBicyclesDataViewController.h"; sourceTree = "<group>"; };
		8D3FFAFC161BD22000F21FE9 /* IMI-CBicyclesDataViewController.m */ = {isa = PBXFileReference; fileEncoding = 4; lastKnownFileType = sourcecode.c.objc; path = "IMI-CBicyclesDataViewController.m"; sourceTree = "<group>"; };
		8D5B6570160DF90D00FD5762 /* IMI-CCommunityViewController.h */ = {isa = PBXFileReference; fileEncoding = 4; lastKnownFileType = sourcecode.c.h; path = "IMI-CCommunityViewController.h"; sourceTree = "<group>"; };
		8D5B6571160DF90E00FD5762 /* IMI-CCommunityViewController.m */ = {isa = PBXFileReference; fileEncoding = 4; lastKnownFileType = sourcecode.c.objc; path = "IMI-CCommunityViewController.m"; sourceTree = "<group>"; };
		8D70DFBD160D49A500AB5D4B /* en */ = {isa = PBXFileReference; lastKnownFileType = text.plist.strings; name = en; path = en.lproj/Localizable.strings; sourceTree = "<group>"; };
		8D70DFC0160D4BBB00AB5D4B /* zh-Hans */ = {isa = PBXFileReference; lastKnownFileType = text.plist.strings; name = "zh-Hans"; path = "zh-Hans.lproj/InfoPlist.strings"; sourceTree = "<group>"; };
		8D70DFC1160D4BBB00AB5D4B /* zh-Hans */ = {isa = PBXFileReference; lastKnownFileType = text.plist.strings; name = "zh-Hans"; path = "zh-Hans.lproj/Localizable.strings"; sourceTree = "<group>"; };
		8D7340C81619E83300BC2311 /* IMI-CStreetCrossingViewController.h */ = {isa = PBXFileReference; fileEncoding = 4; lastKnownFileType = sourcecode.c.h; path = "IMI-CStreetCrossingViewController.h"; sourceTree = "<group>"; };
		8D7340C91619E83300BC2311 /* IMI-CStreetCrossingViewController.m */ = {isa = PBXFileReference; fileEncoding = 4; lastKnownFileType = sourcecode.c.objc; path = "IMI-CStreetCrossingViewController.m"; sourceTree = "<group>"; };
		8D7340CC161A112800BC2311 /* IMI-CQuestion4aDataViewController.h */ = {isa = PBXFileReference; fileEncoding = 4; lastKnownFileType = sourcecode.c.h; path = "IMI-CQuestion4aDataViewController.h"; sourceTree = "<group>"; };
		8D7340CD161A112800BC2311 /* IMI-CQuestion4aDataViewController.m */ = {isa = PBXFileReference; fileEncoding = 4; lastKnownFileType = sourcecode.c.objc; path = "IMI-CQuestion4aDataViewController.m"; sourceTree = "<group>"; };
		8D7340CF161A17D700BC2311 /* IMI-CQuestion4cDataViewController.h */ = {isa = PBXFileReference; fileEncoding = 4; lastKnownFileType = sourcecode.c.h; path = "IMI-CQuestion4cDataViewController.h"; sourceTree = "<group>"; };
		8D7340D0161A17D700BC2311 /* IMI-CQuestion4cDataViewController.m */ = {isa = PBXFileReference; fileEncoding = 4; lastKnownFileType = sourcecode.c.objc; path = "IMI-CQuestion4cDataViewController.m"; sourceTree = "<group>"; };
		8D7340D6161A7A8100BC2311 /* IMI-CQ5dDataViewController.h */ = {isa = PBXFileReference; fileEncoding = 4; lastKnownFileType = sourcecode.c.h; path = "IMI-CQ5dDataViewController.h"; sourceTree = "<group>"; };
		8D7340D7161A7A8100BC2311 /* IMI-CQ5dDataViewController.m */ = {isa = PBXFileReference; fileEncoding = 4; lastKnownFileType = sourcecode.c.objc; path = "IMI-CQ5dDataViewController.m"; sourceTree = "<group>"; };
		8D7340D9161A817000BC2311 /* IMI-CQ6aDataViewController.h */ = {isa = PBXFileReference; fileEncoding = 4; lastKnownFileType = sourcecode.c.h; path = "IMI-CQ6aDataViewController.h"; sourceTree = "<group>"; };
		8D7340DA161A817000BC2311 /* IMI-CQ6aDataViewController.m */ = {isa = PBXFileReference; fileEncoding = 4; lastKnownFileType = sourcecode.c.objc; path = "IMI-CQ6aDataViewController.m"; sourceTree = "<group>"; };
		8D7340DC161A88B800BC2311 /* IMI-CQ8DataViewController.h */ = {isa = PBXFileReference; fileEncoding = 4; lastKnownFileType = sourcecode.c.h; path = "IMI-CQ8DataViewController.h"; sourceTree = "<group>"; };
		8D7340DD161A88B900BC2311 /* IMI-CQ8DataViewController.m */ = {isa = PBXFileReference; fileEncoding = 4; lastKnownFileType = sourcecode.c.objc; path = "IMI-CQ8DataViewController.m"; sourceTree = "<group>"; };
		8D7340DF161A96DB00BC2311 /* IMI-CQ11DataViewController.h */ = {isa = PBXFileReference; fileEncoding = 4; lastKnownFileType = sourcecode.c.h; path = "IMI-CQ11DataViewController.h"; sourceTree = "<group>"; };
		8D7340E0161A96DB00BC2311 /* IMI-CQ11DataViewController.m */ = {isa = PBXFileReference; fileEncoding = 4; lastKnownFileType = sourcecode.c.objc; path = "IMI-CQ11DataViewController.m"; sourceTree = "<group>"; };
		8D7340E2161AA0AE00BC2311 /* IMI-CQ13aDataViewController.h */ = {isa = PBXFileReference; fileEncoding = 4; lastKnownFileType = sourcecode.c.h; path = "IMI-CQ13aDataViewController.h"; sourceTree = "<group>"; };
		8D7340E3161AA0AE00BC2311 /* IMI-CQ13aDataViewController.m */ = {isa = PBXFileReference; fileEncoding = 4; lastKnownFileType = sourcecode.c.objc; path = "IMI-CQ13aDataViewController.m"; sourceTree = "<group>"; };
		8D809F421617302A00C9D384 /* CHCSVWriter.m */ = {isa = PBXFileReference; fileEncoding = 4; lastKnownFileType = sourcecode.c.objc; path = CHCSVWriter.m; sourceTree = "<group>"; };
		8D824AEE1609696600768A95 /* IMI-C.app */ = {isa = PBXFileReference; explicitFileType = wrapper.application; includeInIndex = 0; path = "IMI-C.app"; sourceTree = BUILT_PRODUCTS_DIR; };
		8D824AF21609696600768A95 /* UIKit.framework */ = {isa = PBXFileReference; lastKnownFileType = wrapper.framework; name = UIKit.framework; path = System/Library/Frameworks/UIKit.framework; sourceTree = SDKROOT; };
		8D824AF41609696600768A95 /* Foundation.framework */ = {isa = PBXFileReference; lastKnownFileType = wrapper.framework; name = Foundation.framework; path = System/Library/Frameworks/Foundation.framework; sourceTree = SDKROOT; };
		8D824AF61609696600768A95 /* CoreGraphics.framework */ = {isa = PBXFileReference; lastKnownFileType = wrapper.framework; name = CoreGraphics.framework; path = System/Library/Frameworks/CoreGraphics.framework; sourceTree = SDKROOT; };
		8D824AFA1609696600768A95 /* IMI-C-Info.plist */ = {isa = PBXFileReference; lastKnownFileType = text.plist.xml; path = "IMI-C-Info.plist"; sourceTree = "<group>"; };
		8D824AFC1609696600768A95 /* en */ = {isa = PBXFileReference; lastKnownFileType = text.plist.strings; name = en; path = en.lproj/InfoPlist.strings; sourceTree = "<group>"; };
		8D824AFE1609696600768A95 /* main.m */ = {isa = PBXFileReference; lastKnownFileType = sourcecode.c.objc; path = main.m; sourceTree = "<group>"; };
		8D824B001609696600768A95 /* IMI-C-Prefix.pch */ = {isa = PBXFileReference; lastKnownFileType = sourcecode.c.h; path = "IMI-C-Prefix.pch"; sourceTree = "<group>"; };
		8D824B011609696600768A95 /* IMI_CAppDelegate.h */ = {isa = PBXFileReference; lastKnownFileType = sourcecode.c.h; path = IMI_CAppDelegate.h; sourceTree = "<group>"; };
		8D824B021609696600768A95 /* IMI_CAppDelegate.m */ = {isa = PBXFileReference; lastKnownFileType = sourcecode.c.objc; path = IMI_CAppDelegate.m; sourceTree = "<group>"; };
		8D824B041609696600768A95 /* IMI_CRootViewController.h */ = {isa = PBXFileReference; lastKnownFileType = sourcecode.c.h; path = IMI_CRootViewController.h; sourceTree = "<group>"; };
		8D824B051609696600768A95 /* IMI_CRootViewController.m */ = {isa = PBXFileReference; lastKnownFileType = sourcecode.c.objc; path = IMI_CRootViewController.m; sourceTree = "<group>"; };
		8D824B071609696600768A95 /* IMI_CDataViewController.h */ = {isa = PBXFileReference; lastKnownFileType = sourcecode.c.h; path = IMI_CDataViewController.h; sourceTree = "<group>"; };
		8D824B081609696600768A95 /* IMI_CDataViewController.m */ = {isa = PBXFileReference; lastKnownFileType = sourcecode.c.objc; path = IMI_CDataViewController.m; sourceTree = "<group>"; };
		8D824B0A1609696600768A95 /* IMI_CModelController.h */ = {isa = PBXFileReference; lastKnownFileType = sourcecode.c.h; path = IMI_CModelController.h; sourceTree = "<group>"; };
		8D824B0B1609696600768A95 /* IMI_CModelController.m */ = {isa = PBXFileReference; lastKnownFileType = sourcecode.c.objc; path = IMI_CModelController.m; sourceTree = "<group>"; };
		8D824B0E1609696600768A95 /* en */ = {isa = PBXFileReference; lastKnownFileType = file.storyboard; name = en; path = en.lproj/MainStoryboard.storyboard; sourceTree = "<group>"; };
		8D8915C7161DD0AC006643F2 /* IMI-CArchitectureDataViewController.h */ = {isa = PBXFileReference; fileEncoding = 4; lastKnownFileType = sourcecode.c.h; path = "IMI-CArchitectureDataViewController.h"; sourceTree = "<group>"; };
		8D8915C8161DD0AC006643F2 /* IMI-CArchitectureDataViewController.m */ = {isa = PBXFileReference; fileEncoding = 4; lastKnownFileType = sourcecode.c.objc; path = "IMI-CArchitectureDataViewController.m"; sourceTree = "<group>"; };
		8D8915CB161DD4BC006643F2 /* IMI-CQuestion53DataViewController.h */ = {isa = PBXFileReference; fileEncoding = 4; lastKnownFileType = sourcecode.c.h; path = "IMI-CQuestion53DataViewController.h"; sourceTree = "<group>"; };
		8D8915CC161DD4BC006643F2 /* IMI-CQuestion53DataViewController.m */ = {isa = PBXFileReference; fileEncoding = 4; lastKnownFileType = sourcecode.c.objc; path = "IMI-CQuestion53DataViewController.m"; sourceTree = "<group>"; };
		8D8915CE161DD805006643F2 /* IMI-CQuestion55DataViewController.h */ = {isa = PBXFileReference; fileEncoding = 4; lastKnownFileType = sourcecode.c.h; path = "IMI-CQuestion55DataViewController.h"; sourceTree = "<group>"; };
		8D8915CF161DD805006643F2 /* IMI-CQuestion55DataViewController.m */ = {isa = PBXFileReference; fileEncoding = 4; lastKnownFileType = sourcecode.c.objc; path = "IMI-CQuestion55DataViewController.m"; sourceTree = "<group>"; };
		8D8915D1161DDAAB006643F2 /* IMI-CQuestion58DataViewController.h */ = {isa = PBXFileReference; fileEncoding = 4; lastKnownFileType = sourcecode.c.h; path = "IMI-CQuestion58DataViewController.h"; sourceTree = "<group>"; };
		8D8915D2161DDAAB006643F2 /* IMI-CQuestion58DataViewController.m */ = {isa = PBXFileReference; fileEncoding = 4; lastKnownFileType = sourcecode.c.objc; path = "IMI-CQuestion58DataViewController.m"; sourceTree = "<group>"; };
		8D8915D4161DDF8F006643F2 /* IMI-CResidentialbyheightDataViewController.h */ = {isa = PBXFileReference; fileEncoding = 4; lastKnownFileType = sourcecode.c.h; path = "IMI-CResidentialbyheightDataViewController.h"; sourceTree = "<group>"; };
		8D8915D5161DDF8F006643F2 /* IMI-CResidentialbyheightDataViewController.m */ = {isa = PBXFileReference; fileEncoding = 4; lastKnownFileType = sourcecode.c.objc; path = "IMI-CResidentialbyheightDataViewController.m"; sourceTree = "<group>"; };
		8D8915D7161DE374006643F2 /* IMI-CResidentialbytypeDataViewController.h */ = {isa = PBXFileReference; fileEncoding = 4; lastKnownFileType = sourcecode.c.h; path = "IMI-CResidentialbytypeDataViewController.h"; sourceTree = "<group>"; };
		8D8915D8161DE374006643F2 /* IMI-CResidentialbytypeDataViewController.m */ = {isa = PBXFileReference; fileEncoding = 4; lastKnownFileType = sourcecode.c.objc; path = "IMI-CResidentialbytypeDataViewController.m"; sourceTree = "<group>"; };
		8D8915DA161DE7CB006643F2 /* IMI-CSchoolDataViewController.h */ = {isa = PBXFileReference; fileEncoding = 4; lastKnownFileType = sourcecode.c.h; path = "IMI-CSchoolDataViewController.h"; sourceTree = "<group>"; };
		8D8915DB161DE7CB006643F2 /* IMI-CSchoolDataViewController.m */ = {isa = PBXFileReference; fileEncoding = 4; lastKnownFileType = sourcecode.c.objc; path = "IMI-CSchoolDataViewController.m"; sourceTree = "<group>"; };
		8D8915DD161DEF7E006643F2 /* IMI-CCommercialDataViewController.h */ = {isa = PBXFileReference; fileEncoding = 4; lastKnownFileType = sourcecode.c.h; path = "IMI-CCommercialDataViewController.h"; sourceTree = "<group>"; };
		8D8915DE161DEF7E006643F2 /* IMI-CCommercialDataViewController.m */ = {isa = PBXFileReference; fileEncoding = 4; lastKnownFileType = sourcecode.c.objc; path = "IMI-CCommercialDataViewController.m"; sourceTree = "<group>"; };
		8D8915E0161DF39C006643F2 /* IMI-COfficeDataViewController.h */ = {isa = PBXFileReference; fileEncoding = 4; lastKnownFileType = sourcecode.c.h; path = "IMI-COfficeDataViewController.h"; sourceTree = "<group>"; };
		8D8915E1161DF39C006643F2 /* IMI-COfficeDataViewController.m */ = {isa = PBXFileReference; fileEncoding = 4; lastKnownFileType = sourcecode.c.objc; path = "IMI-COfficeDataViewController.m"; sourceTree = "<group>"; };
		8D8915E3161DFA6E006643F2 /* IMI-CQuestion13bDataViewController.h */ = {isa = PBXFileReference; fileEncoding = 4; lastKnownFileType = sourcecode.c.h; path = "IMI-CQuestion13bDataViewController.h"; sourceTree = "<group>"; };
		8D8915E4161DFA6E006643F2 /* IMI-CQuestion13bDataViewController.m */ = {isa = PBXFileReference; fileEncoding = 4; lastKnownFileType = sourcecode.c.objc; path = "IMI-CQuestion13bDataViewController.m"; sourceTree = "<group>"; };
		8D8915E6161E01CC006643F2 /* IMI-CQuestion15DataViewController.h */ = {isa = PBXFileReference; fileEncoding = 4; lastKnownFileType = sourcecode.c.h; path = "IMI-CQuestion15DataViewController.h"; sourceTree = "<group>"; };
		8D8915E7161E01CC006643F2 /* IMI-CQuestion15DataViewController.m */ = {isa = PBXFileReference; fileEncoding = 4; lastKnownFileType = sourcecode.c.objc; path = "IMI-CQuestion15DataViewController.m"; sourceTree = "<group>"; };
		8D8915E9161E0475006643F2 /* IMI-CQuestion16DataViewController.h */ = {isa = PBXFileReference; fileEncoding = 4; lastKnownFileType = sourcecode.c.h; path = "IMI-CQuestion16DataViewController.h"; sourceTree = "<group>"; };
		8D8915EA161E0476006643F2 /* IMI-CQuestion16DataViewController.m */ = {isa = PBXFileReference; fileEncoding = 4; lastKnownFileType = sourcecode.c.objc; path = "IMI-CQuestion16DataViewController.m"; sourceTree = "<group>"; };
		8D8915EC161E0852006643F2 /* IMI-CSidewalksDataViewController.h */ = {isa = PBXFileReference; fileEncoding = 4; lastKnownFileType = sourcecode.c.h; path = "IMI-CSidewalksDataViewController.h"; sourceTree = "<group>"; };
		8D8915ED161E0852006643F2 /* IMI-CSidewalksDataViewController.m */ = {isa = PBXFileReference; fileEncoding = 4; lastKnownFileType = sourcecode.c.objc; path = "IMI-CSidewalksDataViewController.m"; sourceTree = "<group>"; };
		8D9B6D58160C023A00EE79C6 /* IMI-CSettingDataViewController.h */ = {isa = PBXFileReference; fileEncoding = 4; lastKnownFileType = sourcecode.c.h; path = "IMI-CSettingDataViewController.h"; sourceTree = "<group>"; };
		8D9B6D59160C023A00EE79C6 /* IMI-CSettingDataViewController.m */ = {isa = PBXFileReference; fileEncoding = 4; lastKnownFileType = sourcecode.c.objc; path = "IMI-CSettingDataViewController.m"; sourceTree = "<group>"; };
		8DD318FF1611EEAE00CF6E3A /* IMI-CSubmitDataViewController.h */ = {isa = PBXFileReference; fileEncoding = 4; lastKnownFileType = sourcecode.c.h; path = "IMI-CSubmitDataViewController.h"; sourceTree = "<group>"; };
		8DD319001611EEAE00CF6E3A /* IMI-CSubmitDataViewController.m */ = {isa = PBXFileReference; fileEncoding = 4; lastKnownFileType = sourcecode.c.objc; path = "IMI-CSubmitDataViewController.m"; sourceTree = "<group>"; };
		8DD3190A1611FF1600CF6E3A /* CHCSVWriter.h */ = {isa = PBXFileReference; fileEncoding = 4; lastKnownFileType = sourcecode.c.h; path = CHCSVWriter.h; sourceTree = "<group>"; };
		8DD319151612019300CF6E3A /* NetworkManager.m */ = {isa = PBXFileReference; fileEncoding = 4; lastKnownFileType = sourcecode.c.objc; path = NetworkManager.m; sourceTree = "<group>"; };
		8DD319161612019300CF6E3A /* NetworkManager.h */ = {isa = PBXFileReference; fileEncoding = 4; lastKnownFileType = sourcecode.c.h; path = NetworkManager.h; sourceTree = "<group>"; };
		8DD3191B1612092E00CF6E3A /* IMI-CStartViewController.h */ = {isa = PBXFileReference; fileEncoding = 4; lastKnownFileType = sourcecode.c.h; path = "IMI-CStartViewController.h"; sourceTree = "<group>"; };
		8DD3191C1612092E00CF6E3A /* IMI-CStartViewController.m */ = {isa = PBXFileReference; fileEncoding = 4; lastKnownFileType = sourcecode.c.objc; path = "IMI-CStartViewController.m"; sourceTree = "<group>"; };
/* End PBXFileReference section */

/* Begin PBXFrameworksBuildPhase section */
		8D824AEB1609696600768A95 /* Frameworks */ = {
			isa = PBXFrameworksBuildPhase;
			buildActionMask = 2147483647;
			files = (
				8D15F11016191427009976B4 /* CFNetwork.framework in Frameworks */,
				8D824AF31609696600768A95 /* UIKit.framework in Frameworks */,
				8D824AF51609696600768A95 /* Foundation.framework in Frameworks */,
				8D824AF71609696600768A95 /* CoreGraphics.framework in Frameworks */,
			);
			runOnlyForDeploymentPostprocessing = 0;
		};
/* End PBXFrameworksBuildPhase section */

/* Begin PBXGroup section */
		8D824AE31609696600768A95 = {
			isa = PBXGroup;
			children = (
				8D8915C7161DD0AC006643F2 /* IMI-CArchitectureDataViewController.h */,
				8D8915C8161DD0AC006643F2 /* IMI-CArchitectureDataViewController.m */,
				8D2525F1161CF31800D742CB /* IMI-CQuestion39aDataViewController.h */,
				8D2525F2161CF31800D742CB /* IMI-CQuestion39aDataViewController.m */,
				8D2525D1161C7F7A00D742CB /* IMI-CQuestion20DataViewController.h */,
				8D2525D2161C7F7A00D742CB /* IMI-CQuestion20DataViewController.m */,
				8D3FFABF161B38D400F21FE9 /* IMI-CQuestion17eDataViewController.h */,
				8D3FFAC0161B38D400F21FE9 /* IMI-CQuestion17eDataViewController.m */,
				8D15F10F16191427009976B4 /* CFNetwork.framework */,
				8D824AF81609696600768A95 /* IMI-C */,
				8D824AF11609696600768A95 /* Frameworks */,
				8D824AEF1609696600768A95 /* Products */,
			);
			sourceTree = "<group>";
		};
		8D824AEF1609696600768A95 /* Products */ = {
			isa = PBXGroup;
			children = (
				8D824AEE1609696600768A95 /* IMI-C.app */,
			);
			name = Products;
			sourceTree = "<group>";
		};
		8D824AF11609696600768A95 /* Frameworks */ = {
			isa = PBXGroup;
			children = (
				8D824AF21609696600768A95 /* UIKit.framework */,
				8D824AF41609696600768A95 /* Foundation.framework */,
				8D824AF61609696600768A95 /* CoreGraphics.framework */,
			);
			name = Frameworks;
			sourceTree = "<group>";
		};
		8D824AF81609696600768A95 /* IMI-C */ = {
			isa = PBXGroup;
			children = (
				8D809F421617302A00C9D384 /* CHCSVWriter.m */,
				8DD319151612019300CF6E3A /* NetworkManager.m */,
				8DD319161612019300CF6E3A /* NetworkManager.h */,
				8DD3190A1611FF1600CF6E3A /* CHCSVWriter.h */,
				8D824B011609696600768A95 /* IMI_CAppDelegate.h */,
				8D824B021609696600768A95 /* IMI_CAppDelegate.m */,
				8D824B041609696600768A95 /* IMI_CRootViewController.h */,
				8D824B051609696600768A95 /* IMI_CRootViewController.m */,
				8D824B071609696600768A95 /* IMI_CDataViewController.h */,
				8D824B081609696600768A95 /* IMI_CDataViewController.m */,
				8D9B6D58160C023A00EE79C6 /* IMI-CSettingDataViewController.h */,
				8D9B6D59160C023A00EE79C6 /* IMI-CSettingDataViewController.m */,
				8D5B6570160DF90D00FD5762 /* IMI-CCommunityViewController.h */,
				8D5B6571160DF90E00FD5762 /* IMI-CCommunityViewController.m */,
				8D824B0A1609696600768A95 /* IMI_CModelController.h */,
				8D824B0B1609696600768A95 /* IMI_CModelController.m */,
				8D2525D5161C87D000D742CB /* IMI-CMidBlockCrossingDataViewController.h */,
				8D2525D6161C87D000D742CB /* IMI-CMidBlockCrossingDataViewController.m */,
				8D2525D8161C9CB900D742CB /* IMI-CQuestion26DataViewController.h */,
				8D2525D9161C9CB900D742CB /* IMI-CQuestion26DataViewController.m */,
				8D824B0D1609696600768A95 /* MainStoryboard.storyboard */,
				8D8915EC161E0852006643F2 /* IMI-CSidewalksDataViewController.h */,
				8D8915ED161E0852006643F2 /* IMI-CSidewalksDataViewController.m */,
				8D8915E9161E0475006643F2 /* IMI-CQuestion16DataViewController.h */,
				8D8915EA161E0476006643F2 /* IMI-CQuestion16DataViewController.m */,
				8D8915E6161E01CC006643F2 /* IMI-CQuestion15DataViewController.h */,
				8D8915E7161E01CC006643F2 /* IMI-CQuestion15DataViewController.m */,
				8D8915E3161DFA6E006643F2 /* IMI-CQuestion13bDataViewController.h */,
				8D8915E4161DFA6E006643F2 /* IMI-CQuestion13bDataViewController.m */,
				8D8915E0161DF39C006643F2 /* IMI-COfficeDataViewController.h */,
				8D8915E1161DF39C006643F2 /* IMI-COfficeDataViewController.m */,
				8D8915DD161DEF7E006643F2 /* IMI-CCommercialDataViewController.h */,
				8D8915DE161DEF7E006643F2 /* IMI-CCommercialDataViewController.m */,
				8D8915DA161DE7CB006643F2 /* IMI-CSchoolDataViewController.h */,
				8D8915DB161DE7CB006643F2 /* IMI-CSchoolDataViewController.m */,
				8D8915D7161DE374006643F2 /* IMI-CResidentialbytypeDataViewController.h */,
				8D8915D8161DE374006643F2 /* IMI-CResidentialbytypeDataViewController.m */,
				8D8915D4161DDF8F006643F2 /* IMI-CResidentialbyheightDataViewController.h */,
				8D8915D5161DDF8F006643F2 /* IMI-CResidentialbyheightDataViewController.m */,
				8D8915D1161DDAAB006643F2 /* IMI-CQuestion58DataViewController.h */,
				8D8915D2161DDAAB006643F2 /* IMI-CQuestion58DataViewController.m */,
				8D8915CE161DD805006643F2 /* IMI-CQuestion55DataViewController.h */,
				8D8915CF161DD805006643F2 /* IMI-CQuestion55DataViewController.m */,
				8D8915CB161DD4BC006643F2 /* IMI-CQuestion53DataViewController.h */,
				8D8915CC161DD4BC006643F2 /* IMI-CQuestion53DataViewController.m */,
				8D252601161D3AFB00D742CB /* IMI-CQuestion49DataViewController.h */,
				8D252602161D3AFB00D742CB /* IMI-CQuestion49DataViewController.m */,
				8D2525FE161D35A000D742CB /* IMI-CFreewaysDataViewController.h */,
				8D2525FF161D35A000D742CB /* IMI-CFreewaysDataViewController.m */,
				8D2525F7161CFD9500D742CB /* IMI-CQuestion43DataViewController.h */,
				8D2525F8161CFD9500D742CB /* IMI-CQuestion43DataViewController.m */,
				8D2525F4161CF9C800D742CB /* IMI-CMaintenanceDataViewController.h */,
				8D2525F5161CF9C900D742CB /* IMI-CMaintenanceDataViewController.m */,
				8D2525EE161CEBB000D742CB /* IMI-CParkingDataViewController.h */,
				8D2525EF161CEBB000D742CB /* IMI-CParkingDataViewController.m */,
				8D2525EB161CE83800D742CB /* IMI-CQustion36DataViewController.h */,
				8D2525EC161CE83800D742CB /* IMI-CQustion36DataViewController.m */,
				8D2525E4161CC35700D742CB /* IMI-CWindowsDataViewController.h */,
				8D2525E5161CC35700D742CB /* IMI-CWindowsDataViewController.m */,
				8D2525DE161CAB6700D742CB /* IMI-CBuildingsDataViewController.h */,
				8D2525DF161CAB6700D742CB /* IMI-CBuildingsDataViewController.m */,
				8D2525E1161CB3EA00D742CB /* IMI-CStreetscapeDataViewController.h */,
				8D2525E2161CB3EA00D742CB /* IMI-CStreetscapeDataViewController.m */,
				8D2525DB161CA20900D742CB /* IMI-CStreetTreesDataViewController.h */,
				8D2525DC161CA20900D742CB /* IMI-CStreetTreesDataViewController.m */,
				8D3FFAF8161B930000F21FE9 /* IMI-CQuestion17gOtherDataViewController.h */,
				8D3FFAF9161B930000F21FE9 /* IMI-CQuestion17gOtherDataViewController.m */,
				8D3FFAFB161BD22000F21FE9 /* IMI-CBicyclesDataViewController.h */,
				8D3FFAFC161BD22000F21FE9 /* IMI-CBicyclesDataViewController.m */,
				8D3FFAF5161B89DE00F21FE9 /* IMI-CQuestion17gDataViewController.h */,
				8D3FFAF6161B89DE00F21FE9 /* IMI-CQuestion17gDataViewController.m */,
				8D3FFAC2161B3F4100F21FE9 /* IMI-CQuestion17fDataViewController.h */,
				8D3FFAC3161B3F4100F21FE9 /* IMI-CQuestion17fDataViewController.m */,
				8D3FFABC161B33DA00F21FE9 /* IMI-CQuestion17cDataViewController.h */,
				8D3FFABD161B33DA00F21FE9 /* IMI-CQuestion17cDataViewController.m */,
				8D3FFAB9161B2C0600F21FE9 /* IMI-CConveniencestoreDataViewController.h */,
				8D3FFABA161B2C0600F21FE9 /* IMI-CConveniencestoreDataViewController.m */,
				8D3FFAB3161AE76F00F21FE9 /* IMI-CQuestioin14bDataViewController.h */,
				8D3FFAB6161AEC4700F21FE9 /* IMI-COtherLandUsesDataViewController.h */,
				8D3FFAB7161AEC4700F21FE9 /* IMI-COtherLandUsesDataViewController.m */,
				8D3FFAB4161AE76F00F21FE9 /* IMI-CQuestioin14bDataViewController.m */,
				8D3FFAB0161ADF3100F21FE9 /* IMI-CQuestion14aDataViewController.h */,
				8D3FFAB1161ADF3100F21FE9 /* IMI-CQuestion14aDataViewController.m */,
				8D3FFAAA161AC29800F21FE9 /* IMI-CIndustrialManufacturingDataViewController.h */,
				8D3FFAAB161AC29800F21FE9 /* IMI-CIndustrialManufacturingDataViewController.m */,
				8D3FFAAD161AD74B00F21FE9 /* IMI-CQuestion13eDataViewController.h */,
				8D3FFAAE161AD74B00F21FE9 /* IMI-CQuestion13eDataViewController.m */,
				8D3FFAA6161AB49200F21FE9 /* IMI-CPublicCivicBuildingDataViewController.h */,
				8D3FFAA7161AB49200F21FE9 /* IMI-CPublicCivicBuildingDataViewController.m */,
				8D7340DF161A96DB00BC2311 /* IMI-CQ11DataViewController.h */,
				8D7340E0161A96DB00BC2311 /* IMI-CQ11DataViewController.m */,
				8D7340E2161AA0AE00BC2311 /* IMI-CQ13aDataViewController.h */,
				8D7340E3161AA0AE00BC2311 /* IMI-CQ13aDataViewController.m */,
				8D7340DC161A88B800BC2311 /* IMI-CQ8DataViewController.h */,
				8D7340DD161A88B900BC2311 /* IMI-CQ8DataViewController.m */,
				8DD318FF1611EEAE00CF6E3A /* IMI-CSubmitDataViewController.h */,
				8DD319001611EEAE00CF6E3A /* IMI-CSubmitDataViewController.m */,
				8D824AF91609696600768A95 /* Supporting Files */,
				8DD3191B1612092E00CF6E3A /* IMI-CStartViewController.h */,
				8DD3191C1612092E00CF6E3A /* IMI-CStartViewController.m */,
				8D7340C81619E83300BC2311 /* IMI-CStreetCrossingViewController.h */,
				8D7340C91619E83300BC2311 /* IMI-CStreetCrossingViewController.m */,
				8D7340CC161A112800BC2311 /* IMI-CQuestion4aDataViewController.h */,
				8D7340CD161A112800BC2311 /* IMI-CQuestion4aDataViewController.m */,
				8D7340CF161A17D700BC2311 /* IMI-CQuestion4cDataViewController.h */,
				8D7340D0161A17D700BC2311 /* IMI-CQuestion4cDataViewController.m */,
				8D7340D6161A7A8100BC2311 /* IMI-CQ5dDataViewController.h */,
				8D7340D7161A7A8100BC2311 /* IMI-CQ5dDataViewController.m */,
				8D7340D9161A817000BC2311 /* IMI-CQ6aDataViewController.h */,
				8D7340DA161A817000BC2311 /* IMI-CQ6aDataViewController.m */,
			);
			path = "IMI-C";
			sourceTree = "<group>";
		};
		8D824AF91609696600768A95 /* Supporting Files */ = {
			isa = PBXGroup;
			children = (
				8D824AFB1609696600768A95 /* InfoPlist.strings */,
				8D824AFA1609696600768A95 /* IMI-C-Info.plist */,
				8D824AFE1609696600768A95 /* main.m */,
				8D824B001609696600768A95 /* IMI-C-Prefix.pch */,
				8D70DFBC160D49A500AB5D4B /* Localizable.strings */,
			);
			name = "Supporting Files";
			sourceTree = "<group>";
		};
/* End PBXGroup section */

/* Begin PBXNativeTarget section */
		8D824AED1609696600768A95 /* IMI-C */ = {
			isa = PBXNativeTarget;
			buildConfigurationList = 8D824B121609696600768A95 /* Build configuration list for PBXNativeTarget "IMI-C" */;
			buildPhases = (
				8D824AEA1609696600768A95 /* Sources */,
				8D824AEB1609696600768A95 /* Frameworks */,
				8D824AEC1609696600768A95 /* Resources */,
			);
			buildRules = (
			);
			dependencies = (
			);
			name = "IMI-C";
			productName = "IMI-C";
			productReference = 8D824AEE1609696600768A95 /* IMI-C.app */;
			productType = "com.apple.product-type.application";
		};
/* End PBXNativeTarget section */

/* Begin PBXProject section */
		8D824AE51609696600768A95 /* Project object */ = {
			isa = PBXProject;
			attributes = {
				CLASSPREFIX = "IMI-C";
				LastUpgradeCheck = 0440;
				ORGANIZATIONNAME = "Jiankai Dang";
			};
			buildConfigurationList = 8D824AE81609696600768A95 /* Build configuration list for PBXProject "IMI-C" */;
			compatibilityVersion = "Xcode 3.2";
			developmentRegion = English;
			hasScannedForEncodings = 0;
			knownRegions = (
				en,
				"zh-Hans",
			);
			mainGroup = 8D824AE31609696600768A95;
			productRefGroup = 8D824AEF1609696600768A95 /* Products */;
			projectDirPath = "";
			projectRoot = "";
			targets = (
				8D824AED1609696600768A95 /* IMI-C */,
			);
		};
/* End PBXProject section */

/* Begin PBXResourcesBuildPhase section */
		8D824AEC1609696600768A95 /* Resources */ = {
			isa = PBXResourcesBuildPhase;
			buildActionMask = 2147483647;
			files = (
				8D824AFD1609696600768A95 /* InfoPlist.strings in Resources */,
				8D824B0F1609696600768A95 /* MainStoryboard.storyboard in Resources */,
				8D70DFBE160D49A500AB5D4B /* Localizable.strings in Resources */,
			);
			runOnlyForDeploymentPostprocessing = 0;
		};
/* End PBXResourcesBuildPhase section */

/* Begin PBXSourcesBuildPhase section */
		8D824AEA1609696600768A95 /* Sources */ = {
			isa = PBXSourcesBuildPhase;
			buildActionMask = 2147483647;
			files = (
				8D824AFF1609696600768A95 /* main.m in Sources */,
				8D824B031609696600768A95 /* IMI_CAppDelegate.m in Sources */,
				8D824B061609696600768A95 /* IMI_CRootViewController.m in Sources */,
				8D824B091609696600768A95 /* IMI_CDataViewController.m in Sources */,
				8D824B0C1609696600768A95 /* IMI_CModelController.m in Sources */,
				8D9B6D5A160C023A00EE79C6 /* IMI-CSettingDataViewController.m in Sources */,
				8D5B6572160DF90E00FD5762 /* IMI-CCommunityViewController.m in Sources */,
				8DD319011611EEAE00CF6E3A /* IMI-CSubmitDataViewController.m in Sources */,
				8DD319171612019300CF6E3A /* NetworkManager.m in Sources */,
				8DD3191D1612092E00CF6E3A /* IMI-CStartViewController.m in Sources */,
				8D809F431617302A00C9D384 /* CHCSVWriter.m in Sources */,
				8D7340CA1619E83300BC2311 /* IMI-CStreetCrossingViewController.m in Sources */,
				8D7340CE161A112900BC2311 /* IMI-CQuestion4aDataViewController.m in Sources */,
				8D7340D1161A17D700BC2311 /* IMI-CQuestion4cDataViewController.m in Sources */,
				8D7340D8161A7A8200BC2311 /* IMI-CQ5dDataViewController.m in Sources */,
				8D7340DB161A817000BC2311 /* IMI-CQ6aDataViewController.m in Sources */,
				8D7340DE161A88B900BC2311 /* IMI-CQ8DataViewController.m in Sources */,
				8D7340E1161A96DC00BC2311 /* IMI-CQ11DataViewController.m in Sources */,
				8D7340E4161AA0AE00BC2311 /* IMI-CQ13aDataViewController.m in Sources */,
				8D3FFAA8161AB49200F21FE9 /* IMI-CPublicCivicBuildingDataViewController.m in Sources */,
				8D3FFAAC161AC29800F21FE9 /* IMI-CIndustrialManufacturingDataViewController.m in Sources */,
				8D3FFAAF161AD74B00F21FE9 /* IMI-CQuestion13eDataViewController.m in Sources */,
				8D3FFAB2161ADF3100F21FE9 /* IMI-CQuestion14aDataViewController.m in Sources */,
				8D3FFAB5161AE76F00F21FE9 /* IMI-CQuestioin14bDataViewController.m in Sources */,
				8D3FFAB8161AEC4700F21FE9 /* IMI-COtherLandUsesDataViewController.m in Sources */,
				8D3FFABB161B2C0600F21FE9 /* IMI-CConveniencestoreDataViewController.m in Sources */,
				8D3FFABE161B33DA00F21FE9 /* IMI-CQuestion17cDataViewController.m in Sources */,
				8D3FFAC1161B38D400F21FE9 /* IMI-CQuestion17eDataViewController.m in Sources */,
				8D3FFAC4161B3F4100F21FE9 /* IMI-CQuestion17fDataViewController.m in Sources */,
				8D3FFAF7161B89DE00F21FE9 /* IMI-CQuestion17gDataViewController.m in Sources */,
				8D3FFAFA161B930100F21FE9 /* IMI-CQuestion17gOtherDataViewController.m in Sources */,
				8D3FFAFD161BD22100F21FE9 /* IMI-CBicyclesDataViewController.m in Sources */,
				8D2525D3161C7F7A00D742CB /* IMI-CQuestion20DataViewController.m in Sources */,
				8D2525D7161C87D000D742CB /* IMI-CMidBlockCrossingDataViewController.m in Sources */,
				8D2525DA161C9CB900D742CB /* IMI-CQuestion26DataViewController.m in Sources */,
				8D2525DD161CA20900D742CB /* IMI-CStreetTreesDataViewController.m in Sources */,
				8D2525E0161CAB6700D742CB /* IMI-CBuildingsDataViewController.m in Sources */,
				8D2525E3161CB3EB00D742CB /* IMI-CStreetscapeDataViewController.m in Sources */,
				8D2525E6161CC35800D742CB /* IMI-CWindowsDataViewController.m in Sources */,
				8D2525ED161CE83800D742CB /* IMI-CQustion36DataViewController.m in Sources */,
				8D2525F0161CEBB000D742CB /* IMI-CParkingDataViewController.m in Sources */,
				8D2525F3161CF31800D742CB /* IMI-CQuestion39aDataViewController.m in Sources */,
				8D2525F6161CF9C900D742CB /* IMI-CMaintenanceDataViewController.m in Sources */,
				8D2525F9161CFD9500D742CB /* IMI-CQuestion43DataViewController.m in Sources */,
				8D252600161D35A100D742CB /* IMI-CFreewaysDataViewController.m in Sources */,
				8D252603161D3AFB00D742CB /* IMI-CQuestion49DataViewController.m in Sources */,
				8D8915C9161DD0AC006643F2 /* IMI-CArchitectureDataViewController.m in Sources */,
				8D8915CD161DD4BC006643F2 /* IMI-CQuestion53DataViewController.m in Sources */,
				8D8915D0161DD805006643F2 /* IMI-CQuestion55DataViewController.m in Sources */,
				8D8915D3161DDAAB006643F2 /* IMI-CQuestion58DataViewController.m in Sources */,
				8D8915D6161DDF8F006643F2 /* IMI-CResidentialbyheightDataViewController.m in Sources */,
				8D8915D9161DE374006643F2 /* IMI-CResidentialbytypeDataViewController.m in Sources */,
				8D8915DC161DE7CB006643F2 /* IMI-CSchoolDataViewController.m in Sources */,
				8D8915DF161DEF7E006643F2 /* IMI-CCommercialDataViewController.m in Sources */,
				8D8915E2161DF39C006643F2 /* IMI-COfficeDataViewController.m in Sources */,
				8D8915E5161DFA6E006643F2 /* IMI-CQuestion13bDataViewController.m in Sources */,
				8D8915E8161E01CC006643F2 /* IMI-CQuestion15DataViewController.m in Sources */,
				8D8915EB161E0476006643F2 /* IMI-CQuestion16DataViewController.m in Sources */,
				8D8915EE161E0853006643F2 /* IMI-CSidewalksDataViewController.m in Sources */,
			);
			runOnlyForDeploymentPostprocessing = 0;
		};
/* End PBXSourcesBuildPhase section */

/* Begin PBXVariantGroup section */
		8D70DFBC160D49A500AB5D4B /* Localizable.strings */ = {
			isa = PBXVariantGroup;
			children = (
				8D70DFBD160D49A500AB5D4B /* en */,
				8D70DFC1160D4BBB00AB5D4B /* zh-Hans */,
			);
			name = Localizable.strings;
			sourceTree = "<group>";
		};
		8D824AFB1609696600768A95 /* InfoPlist.strings */ = {
			isa = PBXVariantGroup;
			children = (
				8D824AFC1609696600768A95 /* en */,
				8D70DFC0160D4BBB00AB5D4B /* zh-Hans */,
			);
			name = InfoPlist.strings;
			sourceTree = "<group>";
		};
		8D824B0D1609696600768A95 /* MainStoryboard.storyboard */ = {
			isa = PBXVariantGroup;
			children = (
				8D824B0E1609696600768A95 /* en */,
			);
			name = MainStoryboard.storyboard;
			sourceTree = "<group>";
		};
/* End PBXVariantGroup section */

/* Begin XCBuildConfiguration section */
		8D824B101609696600768A95 /* Debug */ = {
			isa = XCBuildConfiguration;
			buildSettings = {
				ALWAYS_SEARCH_USER_PATHS = NO;
				ARCHS = "$(ARCHS_STANDARD_32_BIT)";
				CLANG_CXX_LANGUAGE_STANDARD = "gnu++0x";
				CLANG_ENABLE_OBJC_ARC = YES;
				CLANG_WARN__DUPLICATE_METHOD_MATCH = YES;
				"CODE_SIGN_IDENTITY[sdk=iphoneos*]" = "iPhone Developer";
				COPY_PHASE_STRIP = NO;
				GCC_C_LANGUAGE_STANDARD = gnu99;
				GCC_DYNAMIC_NO_PIC = NO;
				GCC_OPTIMIZATION_LEVEL = 0;
				GCC_PREPROCESSOR_DEFINITIONS = (
					"DEBUG=1",
					"$(inherited)",
				);
				GCC_SYMBOLS_PRIVATE_EXTERN = NO;
				GCC_VERSION = com.apple.compilers.llvm.clang.1_0;
				GCC_WARN_ABOUT_RETURN_TYPE = YES;
				GCC_WARN_UNINITIALIZED_AUTOS = YES;
				GCC_WARN_UNUSED_VARIABLE = YES;
				IPHONEOS_DEPLOYMENT_TARGET = 6.0;
				SDKROOT = iphoneos;
				TARGETED_DEVICE_FAMILY = 2;
			};
			name = Debug;
		};
		8D824B111609696600768A95 /* Release */ = {
			isa = XCBuildConfiguration;
			buildSettings = {
				ALWAYS_SEARCH_USER_PATHS = NO;
				ARCHS = "$(ARCHS_STANDARD_32_BIT)";
				CLANG_CXX_LANGUAGE_STANDARD = "gnu++0x";
				CLANG_ENABLE_OBJC_ARC = YES;
				CLANG_WARN__DUPLICATE_METHOD_MATCH = YES;
				"CODE_SIGN_IDENTITY[sdk=iphoneos*]" = "iPhone Developer";
				COPY_PHASE_STRIP = YES;
				GCC_C_LANGUAGE_STANDARD = gnu99;
				GCC_VERSION = com.apple.compilers.llvm.clang.1_0;
				GCC_WARN_ABOUT_RETURN_TYPE = YES;
				GCC_WARN_UNINITIALIZED_AUTOS = YES;
				GCC_WARN_UNUSED_VARIABLE = YES;
				IPHONEOS_DEPLOYMENT_TARGET = 6.0;
				OTHER_CFLAGS = "-DNS_BLOCK_ASSERTIONS=1";
				SDKROOT = iphoneos;
				TARGETED_DEVICE_FAMILY = 2;
				VALIDATE_PRODUCT = YES;
			};
			name = Release;
		};
		8D824B131609696600768A95 /* Debug */ = {
			isa = XCBuildConfiguration;
			buildSettings = {
				GCC_PRECOMPILE_PREFIX_HEADER = YES;
				GCC_PREFIX_HEADER = "IMI-C/IMI-C-Prefix.pch";
				INFOPLIST_FILE = "IMI-C/IMI-C-Info.plist";
				IPHONEOS_DEPLOYMENT_TARGET = 6.0;
				PRODUCT_NAME = "$(TARGET_NAME)";
				WRAPPER_EXTENSION = app;
			};
			name = Debug;
		};
		8D824B141609696600768A95 /* Release */ = {
			isa = XCBuildConfiguration;
			buildSettings = {
				GCC_PRECOMPILE_PREFIX_HEADER = YES;
				GCC_PREFIX_HEADER = "IMI-C/IMI-C-Prefix.pch";
				INFOPLIST_FILE = "IMI-C/IMI-C-Info.plist";
				IPHONEOS_DEPLOYMENT_TARGET = 6.0;
				PRODUCT_NAME = "$(TARGET_NAME)";
				WRAPPER_EXTENSION = app;
			};
			name = Release;
		};
/* End XCBuildConfiguration section */

/* Begin XCConfigurationList section */
		8D824AE81609696600768A95 /* Build configuration list for PBXProject "IMI-C" */ = {
			isa = XCConfigurationList;
			buildConfigurations = (
				8D824B101609696600768A95 /* Debug */,
				8D824B111609696600768A95 /* Release */,
			);
			defaultConfigurationIsVisible = 0;
			defaultConfigurationName = Release;
		};
		8D824B121609696600768A95 /* Build configuration list for PBXNativeTarget "IMI-C" */ = {
			isa = XCConfigurationList;
			buildConfigurations = (
				8D824B131609696600768A95 /* Debug */,
				8D824B141609696600768A95 /* Release */,
			);
			defaultConfigurationIsVisible = 0;
			defaultConfigurationName = Release;
		};
/* End XCConfigurationList section */
	};
	rootObject = 8D824AE51609696600768A95 /* Project object */;
}
