// !$*UTF8*$!
{
	archiveVersion = 1;
	classes = {
	};
	objectVersion = 46;
	objects = {

/* Begin PBXBuildFile section */
		8D96929D16060CA000B06747 /* UIKit.framework in Frameworks */ = {isa = PBXBuildFile; fileRef = 8D96929C16060CA000B06747 /* UIKit.framework */; };
		8D96929F16060CA000B06747 /* Foundation.framework in Frameworks */ = {isa = PBXBuildFile; fileRef = 8D96929E16060CA000B06747 /* Foundation.framework */; };
		8D9692A116060CA000B06747 /* CoreGraphics.framework in Frameworks */ = {isa = PBXBuildFile; fileRef = 8D9692A016060CA000B06747 /* CoreGraphics.framework */; };
		8D9692A716060CA000B06747 /* InfoPlist.strings in Resources */ = {isa = PBXBuildFile; fileRef = 8D9692A516060CA000B06747 /* InfoPlist.strings */; };
		8D9692A916060CA000B06747 /* main.m in Sources */ = {isa = PBXBuildFile; fileRef = 8D9692A816060CA000B06747 /* main.m */; };
		8D9692AD16060CA000B06747 /* BirdsAppDelegate.m in Sources */ = {isa = PBXBuildFile; fileRef = 8D9692AC16060CA000B06747 /* BirdsAppDelegate.m */; };
		8D9692B016060CA000B06747 /* MainStoryboard.storyboard in Resources */ = {isa = PBXBuildFile; fileRef = 8D9692AE16060CA000B06747 /* MainStoryboard.storyboard */; };
		8D9692B316060CA000B06747 /* BirdsMasterViewController.m in Sources */ = {isa = PBXBuildFile; fileRef = 8D9692B216060CA000B06747 /* BirdsMasterViewController.m */; };
		8D9692B616060CA000B06747 /* BirdsDetailViewController.m in Sources */ = {isa = PBXBuildFile; fileRef = 8D9692B516060CA000B06747 /* BirdsDetailViewController.m */; };
/* End PBXBuildFile section */

/* Begin PBXFileReference section */
		8D96929816060CA000B06747 /* BirdWatching.app */ = {isa = PBXFileReference; explicitFileType = wrapper.application; includeInIndex = 0; path = BirdWatching.app; sourceTree = BUILT_PRODUCTS_DIR; };
		8D96929C16060CA000B06747 /* UIKit.framework */ = {isa = PBXFileReference; lastKnownFileType = wrapper.framework; name = UIKit.framework; path = System/Library/Frameworks/UIKit.framework; sourceTree = SDKROOT; };
		8D96929E16060CA000B06747 /* Foundation.framework */ = {isa = PBXFileReference; lastKnownFileType = wrapper.framework; name = Foundation.framework; path = System/Library/Frameworks/Foundation.framework; sourceTree = SDKROOT; };
		8D9692A016060CA000B06747 /* CoreGraphics.framework */ = {isa = PBXFileReference; lastKnownFileType = wrapper.framework; name = CoreGraphics.framework; path = System/Library/Frameworks/CoreGraphics.framework; sourceTree = SDKROOT; };
		8D9692A416060CA000B06747 /* BirdWatching-Info.plist */ = {isa = PBXFileReference; lastKnownFileType = text.plist.xml; path = "BirdWatching-Info.plist"; sourceTree = "<group>"; };
		8D9692A616060CA000B06747 /* en */ = {isa = PBXFileReference; lastKnownFileType = text.plist.strings; name = en; path = en.lproj/InfoPlist.strings; sourceTree = "<group>"; };
		8D9692A816060CA000B06747 /* main.m */ = {isa = PBXFileReference; lastKnownFileType = sourcecode.c.objc; path = main.m; sourceTree = "<group>"; };
		8D9692AA16060CA000B06747 /* BirdWatching-Prefix.pch */ = {isa = PBXFileReference; lastKnownFileType = sourcecode.c.h; path = "BirdWatching-Prefix.pch"; sourceTree = "<group>"; };
		8D9692AB16060CA000B06747 /* BirdsAppDelegate.h */ = {isa = PBXFileReference; lastKnownFileType = sourcecode.c.h; path = BirdsAppDelegate.h; sourceTree = "<group>"; };
		8D9692AC16060CA000B06747 /* BirdsAppDelegate.m */ = {isa = PBXFileReference; lastKnownFileType = sourcecode.c.objc; path = BirdsAppDelegate.m; sourceTree = "<group>"; };
		8D9692AF16060CA000B06747 /* en */ = {isa = PBXFileReference; lastKnownFileType = file.storyboard; name = en; path = en.lproj/MainStoryboard.storyboard; sourceTree = "<group>"; };
		8D9692B116060CA000B06747 /* BirdsMasterViewController.h */ = {isa = PBXFileReference; lastKnownFileType = sourcecode.c.h; path = BirdsMasterViewController.h; sourceTree = "<group>"; };
		8D9692B216060CA000B06747 /* BirdsMasterViewController.m */ = {isa = PBXFileReference; lastKnownFileType = sourcecode.c.objc; path = BirdsMasterViewController.m; sourceTree = "<group>"; };
		8D9692B416060CA000B06747 /* BirdsDetailViewController.h */ = {isa = PBXFileReference; lastKnownFileType = sourcecode.c.h; path = BirdsDetailViewController.h; sourceTree = "<group>"; };
		8D9692B516060CA000B06747 /* BirdsDetailViewController.m */ = {isa = PBXFileReference; lastKnownFileType = sourcecode.c.objc; path = BirdsDetailViewController.m; sourceTree = "<group>"; };
/* End PBXFileReference section */

/* Begin PBXFrameworksBuildPhase section */
		8D96929516060CA000B06747 /* Frameworks */ = {
			isa = PBXFrameworksBuildPhase;
			buildActionMask = 2147483647;
			files = (
				8D96929D16060CA000B06747 /* UIKit.framework in Frameworks */,
				8D96929F16060CA000B06747 /* Foundation.framework in Frameworks */,
				8D9692A116060CA000B06747 /* CoreGraphics.framework in Frameworks */,
			);
			runOnlyForDeploymentPostprocessing = 0;
		};
/* End PBXFrameworksBuildPhase section */

/* Begin PBXGroup section */
		8D96928D16060CA000B06747 = {
			isa = PBXGroup;
			children = (
				8D9692A216060CA000B06747 /* BirdWatching */,
				8D96929B16060CA000B06747 /* Frameworks */,
				8D96929916060CA000B06747 /* Products */,
			);
			sourceTree = "<group>";
		};
		8D96929916060CA000B06747 /* Products */ = {
			isa = PBXGroup;
			children = (
				8D96929816060CA000B06747 /* BirdWatching.app */,
			);
			name = Products;
			sourceTree = "<group>";
		};
		8D96929B16060CA000B06747 /* Frameworks */ = {
			isa = PBXGroup;
			children = (
				8D96929C16060CA000B06747 /* UIKit.framework */,
				8D96929E16060CA000B06747 /* Foundation.framework */,
				8D9692A016060CA000B06747 /* CoreGraphics.framework */,
			);
			name = Frameworks;
			sourceTree = "<group>";
		};
		8D9692A216060CA000B06747 /* BirdWatching */ = {
			isa = PBXGroup;
			children = (
				8D9692AB16060CA000B06747 /* BirdsAppDelegate.h */,
				8D9692AC16060CA000B06747 /* BirdsAppDelegate.m */,
				8D9692AE16060CA000B06747 /* MainStoryboard.storyboard */,
				8D9692B116060CA000B06747 /* BirdsMasterViewController.h */,
				8D9692B216060CA000B06747 /* BirdsMasterViewController.m */,
				8D9692B416060CA000B06747 /* BirdsDetailViewController.h */,
				8D9692B516060CA000B06747 /* BirdsDetailViewController.m */,
				8D9692A316060CA000B06747 /* Supporting Files */,
			);
			path = BirdWatching;
			sourceTree = "<group>";
		};
		8D9692A316060CA000B06747 /* Supporting Files */ = {
			isa = PBXGroup;
			children = (
				8D9692A416060CA000B06747 /* BirdWatching-Info.plist */,
				8D9692A516060CA000B06747 /* InfoPlist.strings */,
				8D9692A816060CA000B06747 /* main.m */,
				8D9692AA16060CA000B06747 /* BirdWatching-Prefix.pch */,
			);
			name = "Supporting Files";
			sourceTree = "<group>";
		};
/* End PBXGroup section */

/* Begin PBXNativeTarget section */
		8D96929716060CA000B06747 /* BirdWatching */ = {
			isa = PBXNativeTarget;
			buildConfigurationList = 8D9692B916060CA000B06747 /* Build configuration list for PBXNativeTarget "BirdWatching" */;
			buildPhases = (
				8D96929416060CA000B06747 /* Sources */,
				8D96929516060CA000B06747 /* Frameworks */,
				8D96929616060CA000B06747 /* Resources */,
			);
			buildRules = (
			);
			dependencies = (
			);
			name = BirdWatching;
			productName = BirdWatching;
			productReference = 8D96929816060CA000B06747 /* BirdWatching.app */;
			productType = "com.apple.product-type.application";
		};
/* End PBXNativeTarget section */

/* Begin PBXProject section */
		8D96928F16060CA000B06747 /* Project object */ = {
			isa = PBXProject;
			attributes = {
				CLASSPREFIX = Birds;
				LastUpgradeCheck = 0440;
				ORGANIZATIONNAME = "Jiankai Dang";
			};
			buildConfigurationList = 8D96929216060CA000B06747 /* Build configuration list for PBXProject "BirdWatching" */;
			compatibilityVersion = "Xcode 3.2";
			developmentRegion = English;
			hasScannedForEncodings = 0;
			knownRegions = (
				en,
			);
			mainGroup = 8D96928D16060CA000B06747;
			productRefGroup = 8D96929916060CA000B06747 /* Products */;
			projectDirPath = "";
			projectRoot = "";
			targets = (
				8D96929716060CA000B06747 /* BirdWatching */,
			);
		};
/* End PBXProject section */

/* Begin PBXResourcesBuildPhase section */
		8D96929616060CA000B06747 /* Resources */ = {
			isa = PBXResourcesBuildPhase;
			buildActionMask = 2147483647;
			files = (
				8D9692A716060CA000B06747 /* InfoPlist.strings in Resources */,
				8D9692B016060CA000B06747 /* MainStoryboard.storyboard in Resources */,
			);
			runOnlyForDeploymentPostprocessing = 0;
		};
/* End PBXResourcesBuildPhase section */

/* Begin PBXSourcesBuildPhase section */
		8D96929416060CA000B06747 /* Sources */ = {
			isa = PBXSourcesBuildPhase;
			buildActionMask = 2147483647;
			files = (
				8D9692A916060CA000B06747 /* main.m in Sources */,
				8D9692AD16060CA000B06747 /* BirdsAppDelegate.m in Sources */,
				8D9692B316060CA000B06747 /* BirdsMasterViewController.m in Sources */,
				8D9692B616060CA000B06747 /* BirdsDetailViewController.m in Sources */,
			);
			runOnlyForDeploymentPostprocessing = 0;
		};
/* End PBXSourcesBuildPhase section */

/* Begin PBXVariantGroup section */
		8D9692A516060CA000B06747 /* InfoPlist.strings */ = {
			isa = PBXVariantGroup;
			children = (
				8D9692A616060CA000B06747 /* en */,
			);
			name = InfoPlist.strings;
			sourceTree = "<group>";
		};
		8D9692AE16060CA000B06747 /* MainStoryboard.storyboard */ = {
			isa = PBXVariantGroup;
			children = (
				8D9692AF16060CA000B06747 /* en */,
			);
			name = MainStoryboard.storyboard;
			sourceTree = "<group>";
		};
/* End PBXVariantGroup section */

/* Begin XCBuildConfiguration section */
		8D9692B716060CA000B06747 /* Debug */ = {
			isa = XCBuildConfiguration;
			buildSettings = {
				ALWAYS_SEARCH_USER_PATHS = NO;
				ARCHS = "$(ARCHS_STANDARD_32_BIT)";
				CLANG_CXX_LANGUAGE_STANDARD = "gnu++0x";
				CLANG_ENABLE_OBJC_ARC = YES;
				CLANG_WARN__DUPLICATE_METHOD_MATCH = YES;
				"CODE_SIGN_IDENTITY[sdk=iphoneos*]" = "iPhone Developer";
				COPY_PHASE_STRIP = NO;
				GCC_C_LANGUAGE_STANDARD = gnu99;
				GCC_DYNAMIC_NO_PIC = NO;
				GCC_OPTIMIZATION_LEVEL = 0;
				GCC_PREPROCESSOR_DEFINITIONS = (
					"DEBUG=1",
					"$(inherited)",
				);
				GCC_SYMBOLS_PRIVATE_EXTERN = NO;
				GCC_VERSION = com.apple.compilers.llvm.clang.1_0;
				GCC_WARN_ABOUT_RETURN_TYPE = YES;
				GCC_WARN_UNINITIALIZED_AUTOS = YES;
				GCC_WARN_UNUSED_VARIABLE = YES;
				IPHONEOS_DEPLOYMENT_TARGET = 5.1;
				SDKROOT = iphoneos;
			};
			name = Debug;
		};
		8D9692B816060CA000B06747 /* Release */ = {
			isa = XCBuildConfiguration;
			buildSettings = {
				ALWAYS_SEARCH_USER_PATHS = NO;
				ARCHS = "$(ARCHS_STANDARD_32_BIT)";
				CLANG_CXX_LANGUAGE_STANDARD = "gnu++0x";
				CLANG_ENABLE_OBJC_ARC = YES;
				CLANG_WARN__DUPLICATE_METHOD_MATCH = YES;
				"CODE_SIGN_IDENTITY[sdk=iphoneos*]" = "iPhone Developer";
				COPY_PHASE_STRIP = YES;
				GCC_C_LANGUAGE_STANDARD = gnu99;
				GCC_VERSION = com.apple.compilers.llvm.clang.1_0;
				GCC_WARN_ABOUT_RETURN_TYPE = YES;
				GCC_WARN_UNINITIALIZED_AUTOS = YES;
				GCC_WARN_UNUSED_VARIABLE = YES;
				IPHONEOS_DEPLOYMENT_TARGET = 5.1;
				OTHER_CFLAGS = "-DNS_BLOCK_ASSERTIONS=1";
				SDKROOT = iphoneos;
				VALIDATE_PRODUCT = YES;
			};
			name = Release;
		};
		8D9692BA16060CA000B06747 /* Debug */ = {
			isa = XCBuildConfiguration;
			buildSettings = {
				GCC_PRECOMPILE_PREFIX_HEADER = YES;
				GCC_PREFIX_HEADER = "BirdWatching/BirdWatching-Prefix.pch";
				INFOPLIST_FILE = "BirdWatching/BirdWatching-Info.plist";
				PRODUCT_NAME = "$(TARGET_NAME)";
				WRAPPER_EXTENSION = app;
			};
			name = Debug;
		};
		8D9692BB16060CA000B06747 /* Release */ = {
			isa = XCBuildConfiguration;
			buildSettings = {
				GCC_PRECOMPILE_PREFIX_HEADER = YES;
				GCC_PREFIX_HEADER = "BirdWatching/BirdWatching-Prefix.pch";
				INFOPLIST_FILE = "BirdWatching/BirdWatching-Info.plist";
				PRODUCT_NAME = "$(TARGET_NAME)";
				WRAPPER_EXTENSION = app;
			};
			name = Release;
		};
/* End XCBuildConfiguration section */

/* Begin XCConfigurationList section */
		8D96929216060CA000B06747 /* Build configuration list for PBXProject "BirdWatching" */ = {
			isa = XCConfigurationList;
			buildConfigurations = (
				8D9692B716060CA000B06747 /* Debug */,
				8D9692B816060CA000B06747 /* Release */,
			);
			defaultConfigurationIsVisible = 0;
			defaultConfigurationName = Release;
		};
		8D9692B916060CA000B06747 /* Build configuration list for PBXNativeTarget "BirdWatching" */ = {
			isa = XCConfigurationList;
			buildConfigurations = (
				8D9692BA16060CA000B06747 /* Debug */,
				8D9692BB16060CA000B06747 /* Release */,
			);
			defaultConfigurationIsVisible = 0;
		};
/* End XCConfigurationList section */
	};
	rootObject = 8D96928F16060CA000B06747 /* Project object */;
}
